
Microsoft Visual Studio Solution File, Format Version 12.00
# Visual Studio Version 17
VisualStudioVersion = 17.4.33403.182
MinimumVisualStudioVersion = 10.0.40219.1
Project("{FAE04EC0-301F-11D3-BF4B-00C04F79EFBC}") = "ConsoleApp1", "ConsoleApp1.csproj", "{C8D26123-FBD6-4DE8-BA28-5BCC7B5FCEF8}"
EndProject
Global
	GlobalSection(SolutionConfigurationPlatforms) = preSolution
		Debug|Any CPU = Debug|Any CPU
		Release|Any CPU = Release|Any CPU
	EndGlobalSection
	GlobalSection(ProjectConfigurationPlatforms) = postSolution
		{C8D26123-FBD6-4DE8-BA28-5BCC7B5FCEF8}.Debug|Any CPU.ActiveCfg = Debug|Any CPU
		{C8D26123-FBD6-4DE8-BA28-5BCC7B5FCEF8}.Debug|Any CPU.Build.0 = Debug|Any CPU
		{C8D26123-FBD6-4DE8-BA28-5BCC7B5FCEF8}.Release|Any CPU.ActiveCfg = Release|Any CPU
		{C8D26123-FBD6-4DE8-BA28-5BCC7B5FCEF8}.Release|Any CPU.Build.0 = Release|Any CPU
	EndGlobalSection
	GlobalSection(SolutionProperties) = preSolution
		HideSolutionNode = FALSE
	EndGlobalSection
	GlobalSection(ExtensibilityGlobals) = postSolution
		SolutionGuid = {1AB2D252-ECE4-4956-8424-86CA91D9FDA7}
	EndGlobalSection
EndGlobal
